
Microsoft Visual Studio Solution File, Format Version 12.00
# Visual Studio Version 16
VisualStudioVersion = 16.0.30804.86
MinimumVisualStudioVersion = 10.0.40219.1
Project("{FAE04EC0-301F-11D3-BF4B-00C04F79EFBC}") = "Evolution.IOC", "Evolution.IOC.csproj", "{F40C5114-301B-4F26-B3E9-003A81C3D30A}"
EndProject
Project("{FAE04EC0-301F-11D3-BF4B-00C04F79EFBC}") = "Evolution.IOC.UnitTest", "..\Evolution.IOC.UnitTest\Evolution.IOC.UnitTest.csproj", "{A0E50097-7D2F-40BB-B999-7E698AB1D45B}"
EndProject
Global
	GlobalSection(SolutionConfigurationPlatforms) = preSolution
		Debug|Any CPU = Debug|Any CPU
		Release|Any CPU = Release|Any CPU
	EndGlobalSection
	GlobalSection(ProjectConfigurationPlatforms) = postSolution
		{F40C5114-301B-4F26-B3E9-003A81C3D30A}.Debug|Any CPU.ActiveCfg = Debug|Any CPU
		{F40C5114-301B-4F26-B3E9-003A81C3D30A}.Debug|Any CPU.Build.0 = Debug|Any CPU
		{F40C5114-301B-4F26-B3E9-003A81C3D30A}.Release|Any CPU.ActiveCfg = Release|Any CPU
		{F40C5114-301B-4F26-B3E9-003A81C3D30A}.Release|Any CPU.Build.0 = Release|Any CPU
		{A0E50097-7D2F-40BB-B999-7E698AB1D45B}.Debug|Any CPU.ActiveCfg = Debug|Any CPU
		{A0E50097-7D2F-40BB-B999-7E698AB1D45B}.Debug|Any CPU.Build.0 = Debug|Any CPU
		{A0E50097-7D2F-40BB-B999-7E698AB1D45B}.Release|Any CPU.ActiveCfg = Release|Any CPU
		{A0E50097-7D2F-40BB-B999-7E698AB1D45B}.Release|Any CPU.Build.0 = Release|Any CPU
	EndGlobalSection
	GlobalSection(SolutionProperties) = preSolution
		HideSolutionNode = FALSE
	EndGlobalSection
	GlobalSection(ExtensibilityGlobals) = postSolution
		SolutionGuid = {EF7FFF8C-0EEC-491E-9351-8CBD73EAE532}
	EndGlobalSection
EndGlobal
